// !$*UTF8*$!
{
	archiveVersion = 1;
	classes = {
	};
	objectVersion = 56;
	objects = {

/* Begin PBXBuildFile section */
		66DCE40A29CF6A8E00A4C2DF /* WantedSpaceCloneApp.swift in Sources */ = {isa = PBXBuildFile; fileRef = 66DCE40929CF6A8E00A4C2DF /* WantedSpaceCloneApp.swift */; };
		66DCE40C29CF6A8E00A4C2DF /* ContentView.swift in Sources */ = {isa = PBXBuildFile; fileRef = 66DCE40B29CF6A8E00A4C2DF /* ContentView.swift */; };
		66DCE40E29CF6A9000A4C2DF /* Assets.xcassets in Resources */ = {isa = PBXBuildFile; fileRef = 66DCE40D29CF6A9000A4C2DF /* Assets.xcassets */; };
		66DCE41129CF6A9000A4C2DF /* Preview Assets.xcassets in Resources */ = {isa = PBXBuildFile; fileRef = 66DCE41029CF6A9000A4C2DF /* Preview Assets.xcassets */; };
		66DCE41829CF6F9400A4C2DF /* WorkingTimeView.swift in Sources */ = {isa = PBXBuildFile; fileRef = 66DCE41729CF6F9300A4C2DF /* WorkingTimeView.swift */; };
		66DCE41A29CF701700A4C2DF /* MainMenu.swift in Sources */ = {isa = PBXBuildFile; fileRef = 66DCE41929CF701700A4C2DF /* MainMenu.swift */; };
		66DCE41C29CF70C400A4C2DF /* CurrentDate.swift in Sources */ = {isa = PBXBuildFile; fileRef = 66DCE41B29CF70C400A4C2DF /* CurrentDate.swift */; };
		66DCE41E29CF7C3F00A4C2DF /* StartWorkButton.swift in Sources */ = {isa = PBXBuildFile; fileRef = 66DCE41D29CF7C3F00A4C2DF /* StartWorkButton.swift */; };
		66DCE42329D00D9D00A4C2DF /* TodaysNotifications.swift in Sources */ = {isa = PBXBuildFile; fileRef = 66DCE42229D00D9D00A4C2DF /* TodaysNotifications.swift */; };
		66DCE42529D0141600A4C2DF /* ApprovalsList.swift in Sources */ = {isa = PBXBuildFile; fileRef = 66DCE42429D0141600A4C2DF /* ApprovalsList.swift */; };
/* End PBXBuildFile section */

/* Begin PBXFileReference section */
		66DCE40629CF6A8E00A4C2DF /* WantedSpaceClone.app */ = {isa = PBXFileReference; explicitFileType = wrapper.application; includeInIndex = 0; path = WantedSpaceClone.app; sourceTree = BUILT_PRODUCTS_DIR; };
		66DCE40929CF6A8E00A4C2DF /* WantedSpaceCloneApp.swift */ = {isa = PBXFileReference; lastKnownFileType = sourcecode.swift; path = WantedSpaceCloneApp.swift; sourceTree = "<group>"; };
		66DCE40B29CF6A8E00A4C2DF /* ContentView.swift */ = {isa = PBXFileReference; lastKnownFileType = sourcecode.swift; path = ContentView.swift; sourceTree = "<group>"; };
		66DCE40D29CF6A9000A4C2DF /* Assets.xcassets */ = {isa = PBXFileReference; lastKnownFileType = folder.assetcatalog; path = Assets.xcassets; sourceTree = "<group>"; };
		66DCE41029CF6A9000A4C2DF /* Preview Assets.xcassets */ = {isa = PBXFileReference; lastKnownFileType = folder.assetcatalog; path = "Preview Assets.xcassets"; sourceTree = "<group>"; };
		66DCE41729CF6F9300A4C2DF /* WorkingTimeView.swift */ = {isa = PBXFileReference; lastKnownFileType = sourcecode.swift; path = WorkingTimeView.swift; sourceTree = "<group>"; };
		66DCE41929CF701700A4C2DF /* MainMenu.swift */ = {isa = PBXFileReference; lastKnownFileType = sourcecode.swift; path = MainMenu.swift; sourceTree = "<group>"; };
		66DCE41B29CF70C400A4C2DF /* CurrentDate.swift */ = {isa = PBXFileReference; lastKnownFileType = sourcecode.swift; path = CurrentDate.swift; sourceTree = "<group>"; };
		66DCE41D29CF7C3F00A4C2DF /* StartWorkButton.swift */ = {isa = PBXFileReference; lastKnownFileType = sourcecode.swift; path = StartWorkButton.swift; sourceTree = "<group>"; };
		66DCE42229D00D9D00A4C2DF /* TodaysNotifications.swift */ = {isa = PBXFileReference; lastKnownFileType = sourcecode.swift; path = TodaysNotifications.swift; sourceTree = "<group>"; };
		66DCE42429D0141600A4C2DF /* ApprovalsList.swift */ = {isa = PBXFileReference; lastKnownFileType = sourcecode.swift; path = ApprovalsList.swift; sourceTree = "<group>"; };
/* End PBXFileReference section */

/* Begin PBXFrameworksBuildPhase section */
		66DCE40329CF6A8E00A4C2DF /* Frameworks */ = {
			isa = PBXFrameworksBuildPhase;
			buildActionMask = 2147483647;
			files = (
			);
			runOnlyForDeploymentPostprocessing = 0;
		};
/* End PBXFrameworksBuildPhase section */

/* Begin PBXGroup section */
		66DCE3FD29CF6A8E00A4C2DF = {
			isa = PBXGroup;
			children = (
				66DCE40829CF6A8E00A4C2DF /* WantedSpaceClone */,
				66DCE40729CF6A8E00A4C2DF /* Products */,
			);
			sourceTree = "<group>";
		};
		66DCE40729CF6A8E00A4C2DF /* Products */ = {
			isa = PBXGroup;
			children = (
				66DCE40629CF6A8E00A4C2DF /* WantedSpaceClone.app */,
			);
			name = Products;
			sourceTree = "<group>";
		};
		66DCE40829CF6A8E00A4C2DF /* WantedSpaceClone */ = {
			isa = PBXGroup;
			children = (
				66DCE40929CF6A8E00A4C2DF /* WantedSpaceCloneApp.swift */,
				66DCE40B29CF6A8E00A4C2DF /* ContentView.swift */,
				66DCE41929CF701700A4C2DF /* MainMenu.swift */,
				66DCE41B29CF70C400A4C2DF /* CurrentDate.swift */,
				66DCE41729CF6F9300A4C2DF /* WorkingTimeView.swift */,
				66DCE41D29CF7C3F00A4C2DF /* StartWorkButton.swift */,
				66DCE42229D00D9D00A4C2DF /* TodaysNotifications.swift */,
				66DCE42429D0141600A4C2DF /* ApprovalsList.swift */,
				66DCE40D29CF6A9000A4C2DF /* Assets.xcassets */,
				66DCE40F29CF6A9000A4C2DF /* Preview Content */,
			);
			path = WantedSpaceClone;
			sourceTree = "<group>";
		};
		66DCE40F29CF6A9000A4C2DF /* Preview Content */ = {
			isa = PBXGroup;
			children = (
				66DCE41029CF6A9000A4C2DF /* Preview Assets.xcassets */,
			);
			path = "Preview Content";
			sourceTree = "<group>";
		};
/* End PBXGroup section */

/* Begin PBXNativeTarget section */
		66DCE40529CF6A8E00A4C2DF /* WantedSpaceClone */ = {
			isa = PBXNativeTarget;
			buildConfigurationList = 66DCE41429CF6A9000A4C2DF /* Build configuration list for PBXNativeTarget "WantedSpaceClone" */;
			buildPhases = (
				66DCE40229CF6A8E00A4C2DF /* Sources */,
				66DCE40329CF6A8E00A4C2DF /* Frameworks */,
				66DCE40429CF6A8E00A4C2DF /* Resources */,
			);
			buildRules = (
			);
			dependencies = (
			);
			name = WantedSpaceClone;
			productName = WantedSpaceClone;
			productReference = 66DCE40629CF6A8E00A4C2DF /* WantedSpaceClone.app */;
			productType = "com.apple.product-type.application";
		};
/* End PBXNativeTarget section */

/* Begin PBXProject section */
		66DCE3FE29CF6A8E00A4C2DF /* Project object */ = {
			isa = PBXProject;
			attributes = {
				BuildIndependentTargetsInParallel = 1;
				LastSwiftUpdateCheck = 1420;
				LastUpgradeCheck = 1420;
				TargetAttributes = {
					66DCE40529CF6A8E00A4C2DF = {
						CreatedOnToolsVersion = 14.2;
					};
				};
			};
			buildConfigurationList = 66DCE40129CF6A8E00A4C2DF /* Build configuration list for PBXProject "WantedSpaceClone" */;
			compatibilityVersion = "Xcode 14.0";
			developmentRegion = en;
			hasScannedForEncodings = 0;
			knownRegions = (
				en,
				Base,
			);
			mainGroup = 66DCE3FD29CF6A8E00A4C2DF;
			productRefGroup = 66DCE40729CF6A8E00A4C2DF /* Products */;
			projectDirPath = "";
			projectRoot = "";
			targets = (
				66DCE40529CF6A8E00A4C2DF /* WantedSpaceClone */,
			);
		};
/* End PBXProject section */

/* Begin PBXResourcesBuildPhase section */
		66DCE40429CF6A8E00A4C2DF /* Resources */ = {
			isa = PBXResourcesBuildPhase;
			buildActionMask = 2147483647;
			files = (
				66DCE41129CF6A9000A4C2DF /* Preview Assets.xcassets in Resources */,
				66DCE40E29CF6A9000A4C2DF /* Assets.xcassets in Resources */,
			);
			runOnlyForDeploymentPostprocessing = 0;
		};
/* End PBXResourcesBuildPhase section */

/* Begin PBXSourcesBuildPhase section */
		66DCE40229CF6A8E00A4C2DF /* Sources */ = {
			isa = PBXSourcesBuildPhase;
			buildActionMask = 2147483647;
			files = (
				66DCE41829CF6F9400A4C2DF /* WorkingTimeView.swift in Sources */,
				66DCE41E29CF7C3F00A4C2DF /* StartWorkButton.swift in Sources */,
				66DCE42529D0141600A4C2DF /* ApprovalsList.swift in Sources */,
				66DCE42329D00D9D00A4C2DF /* TodaysNotifications.swift in Sources */,
				66DCE40C29CF6A8E00A4C2DF /* ContentView.swift in Sources */,
				66DCE40A29CF6A8E00A4C2DF /* WantedSpaceCloneApp.swift in Sources */,
				66DCE41C29CF70C400A4C2DF /* CurrentDate.swift in Sources */,
				66DCE41A29CF701700A4C2DF /* MainMenu.swift in Sources */,
			);
			runOnlyForDeploymentPostprocessing = 0;
		};
/* End PBXSourcesBuildPhase section */

/* Begin XCBuildConfiguration section */
		66DCE41229CF6A9000A4C2DF /* Debug */ = {
			isa = XCBuildConfiguration;
			buildSettings = {
				ALWAYS_SEARCH_USER_PATHS = NO;
				CLANG_ANALYZER_NONNULL = YES;
				CLANG_ANALYZER_NUMBER_OBJECT_CONVERSION = YES_AGGRESSIVE;
				CLANG_CXX_LANGUAGE_STANDARD = "gnu++20";
				CLANG_ENABLE_MODULES = YES;
				CLANG_ENABLE_OBJC_ARC = YES;
				CLANG_ENABLE_OBJC_WEAK = YES;
				CLANG_WARN_BLOCK_CAPTURE_AUTORELEASING = YES;
				CLANG_WARN_BOOL_CONVERSION = YES;
				CLANG_WARN_COMMA = YES;
				CLANG_WARN_CONSTANT_CONVERSION = YES;
				CLANG_WARN_DEPRECATED_OBJC_IMPLEMENTATIONS = YES;
				CLANG_WARN_DIRECT_OBJC_ISA_USAGE = YES_ERROR;
				CLANG_WARN_DOCUMENTATION_COMMENTS = YES;
				CLANG_WARN_EMPTY_BODY = YES;
				CLANG_WARN_ENUM_CONVERSION = YES;
				CLANG_WARN_INFINITE_RECURSION = YES;
				CLANG_WARN_INT_CONVERSION = YES;
				CLANG_WARN_NON_LITERAL_NULL_CONVERSION = YES;
				CLANG_WARN_OBJC_IMPLICIT_RETAIN_SELF = YES;
				CLANG_WARN_OBJC_LITERAL_CONVERSION = YES;
				CLANG_WARN_OBJC_ROOT_CLASS = YES_ERROR;
				CLANG_WARN_QUOTED_INCLUDE_IN_FRAMEWORK_HEADER = YES;
				CLANG_WARN_RANGE_LOOP_ANALYSIS = YES;
				CLANG_WARN_STRICT_PROTOTYPES = YES;
				CLANG_WARN_SUSPICIOUS_MOVE = YES;
				CLANG_WARN_UNGUARDED_AVAILABILITY = YES_AGGRESSIVE;
				CLANG_WARN_UNREACHABLE_CODE = YES;
				CLANG_WARN__DUPLICATE_METHOD_MATCH = YES;
				COPY_PHASE_STRIP = NO;
				DEBUG_INFORMATION_FORMAT = dwarf;
				ENABLE_STRICT_OBJC_MSGSEND = YES;
				ENABLE_TESTABILITY = YES;
				GCC_C_LANGUAGE_STANDARD = gnu11;
				GCC_DYNAMIC_NO_PIC = NO;
				GCC_NO_COMMON_BLOCKS = YES;
				GCC_OPTIMIZATION_LEVEL = 0;
				GCC_PREPROCESSOR_DEFINITIONS = (
					"DEBUG=1",
					"$(inherited)",
				);
				GCC_WARN_64_TO_32_BIT_CONVERSION = YES;
				GCC_WARN_ABOUT_RETURN_TYPE = YES_ERROR;
				GCC_WARN_UNDECLARED_SELECTOR = YES;
				GCC_WARN_UNINITIALIZED_AUTOS = YES_AGGRESSIVE;
				GCC_WARN_UNUSED_FUNCTION = YES;
				GCC_WARN_UNUSED_VARIABLE = YES;
				IPHONEOS_DEPLOYMENT_TARGET = 16.2;
				MTL_ENABLE_DEBUG_INFO = INCLUDE_SOURCE;
				MTL_FAST_MATH = YES;
				ONLY_ACTIVE_ARCH = YES;
				SDKROOT = iphoneos;
				SWIFT_ACTIVE_COMPILATION_CONDITIONS = DEBUG;
				SWIFT_OPTIMIZATION_LEVEL = "-Onone";
			};
			name = Debug;
		};
		66DCE41329CF6A9000A4C2DF /* Release */ = {
			isa = XCBuildConfiguration;
			buildSettings = {
				ALWAYS_SEARCH_USER_PATHS = NO;
				CLANG_ANALYZER_NONNULL = YES;
				CLANG_ANALYZER_NUMBER_OBJECT_CONVERSION = YES_AGGRESSIVE;
				CLANG_CXX_LANGUAGE_STANDARD = "gnu++20";
				CLANG_ENABLE_MODULES = YES;
				CLANG_ENABLE_OBJC_ARC = YES;
				CLANG_ENABLE_OBJC_WEAK = YES;
				CLANG_WARN_BLOCK_CAPTURE_AUTORELEASING = YES;
				CLANG_WARN_BOOL_CONVERSION = YES;
				CLANG_WARN_COMMA = YES;
				CLANG_WARN_CONSTANT_CONVERSION = YES;
				CLANG_WARN_DEPRECATED_OBJC_IMPLEMENTATIONS = YES;
				CLANG_WARN_DIRECT_OBJC_ISA_USAGE = YES_ERROR;
				CLANG_WARN_DOCUMENTATION_COMMENTS = YES;
				CLANG_WARN_EMPTY_BODY = YES;
				CLANG_WARN_ENUM_CONVERSION = YES;
				CLANG_WARN_INFINITE_RECURSION = YES;
				CLANG_WARN_INT_CONVERSION = YES;
				CLANG_WARN_NON_LITERAL_NULL_CONVERSION = YES;
				CLANG_WARN_OBJC_IMPLICIT_RETAIN_SELF = YES;
				CLANG_WARN_OBJC_LITERAL_CONVERSION = YES;
				CLANG_WARN_OBJC_ROOT_CLASS = YES_ERROR;
				CLANG_WARN_QUOTED_INCLUDE_IN_FRAMEWORK_HEADER = YES;
				CLANG_WARN_RANGE_LOOP_ANALYSIS = YES;
				CLANG_WARN_STRICT_PROTOTYPES = YES;
				CLANG_WARN_SUSPICIOUS_MOVE = YES;
				CLANG_WARN_UNGUARDED_AVAILABILITY = YES_AGGRESSIVE;
				CLANG_WARN_UNREACHABLE_CODE = YES;
				CLANG_WARN__DUPLICATE_METHOD_MATCH = YES;
				COPY_PHASE_STRIP = NO;
				DEBUG_INFORMATION_FORMAT = "dwarf-with-dsym";
				ENABLE_NS_ASSERTIONS = NO;
				ENABLE_STRICT_OBJC_MSGSEND = YES;
				GCC_C_LANGUAGE_STANDARD = gnu11;
				GCC_NO_COMMON_BLOCKS = YES;
				GCC_WARN_64_TO_32_BIT_CONVERSION = YES;
				GCC_WARN_ABOUT_RETURN_TYPE = YES_ERROR;
				GCC_WARN_UNDECLARED_SELECTOR = YES;
				GCC_WARN_UNINITIALIZED_AUTOS = YES_AGGRESSIVE;
				GCC_WARN_UNUSED_FUNCTION = YES;
				GCC_WARN_UNUSED_VARIABLE = YES;
				IPHONEOS_DEPLOYMENT_TARGET = 16.2;
				MTL_ENABLE_DEBUG_INFO = NO;
				MTL_FAST_MATH = YES;
				SDKROOT = iphoneos;
				SWIFT_COMPILATION_MODE = wholemodule;
				SWIFT_OPTIMIZATION_LEVEL = "-O";
				VALIDATE_PRODUCT = YES;
			};
			name = Release;
		};
		66DCE41529CF6A9000A4C2DF /* Debug */ = {
			isa = XCBuildConfiguration;
			buildSettings = {
				ASSETCATALOG_COMPILER_APPICON_NAME = AppIcon;
				ASSETCATALOG_COMPILER_GLOBAL_ACCENT_COLOR_NAME = AccentColor;
				CODE_SIGN_STYLE = Automatic;
				CURRENT_PROJECT_VERSION = 1;
				DEVELOPMENT_ASSET_PATHS = "\"WantedSpaceClone/Preview Content\"";
				DEVELOPMENT_TEAM = 8FFVSXAZQ5;
				ENABLE_PREVIEWS = YES;
				GENERATE_INFOPLIST_FILE = YES;
				INFOPLIST_KEY_UIApplicationSceneManifest_Generation = YES;
				INFOPLIST_KEY_UIApplicationSupportsIndirectInputEvents = YES;
				INFOPLIST_KEY_UILaunchScreen_Generation = YES;
				INFOPLIST_KEY_UISupportedInterfaceOrientations_iPad = "UIInterfaceOrientationPortrait UIInterfaceOrientationPortraitUpsideDown UIInterfaceOrientationLandscapeLeft UIInterfaceOrientationLandscapeRight";
				INFOPLIST_KEY_UISupportedInterfaceOrientations_iPhone = "UIInterfaceOrientationPortrait UIInterfaceOrientationLandscapeLeft UIInterfaceOrientationLandscapeRight";
				LD_RUNPATH_SEARCH_PATHS = (
					"$(inherited)",
					"@executable_path/Frameworks",
				);
				MARKETING_VERSION = 1.0;
				PRODUCT_BUNDLE_IDENTIFIER = me.sankovahanna.WantedSpaceClone;
				PRODUCT_NAME = "$(TARGET_NAME)";
				SWIFT_EMIT_LOC_STRINGS = YES;
				SWIFT_VERSION = 5.0;
				TARGETED_DEVICE_FAMILY = "1,2";
			};
			name = Debug;
		};
		66DCE41629CF6A9000A4C2DF /* Release */ = {
			isa = XCBuildConfiguration;
			buildSettings = {
				ASSETCATALOG_COMPILER_APPICON_NAME = AppIcon;
				ASSETCATALOG_COMPILER_GLOBAL_ACCENT_COLOR_NAME = AccentColor;
				CODE_SIGN_STYLE = Automatic;
				CURRENT_PROJECT_VERSION = 1;
				DEVELOPMENT_ASSET_PATHS = "\"WantedSpaceClone/Preview Content\"";
				DEVELOPMENT_TEAM = 8FFVSXAZQ5;
				ENABLE_PREVIEWS = YES;
				GENERATE_INFOPLIST_FILE = YES;
				INFOPLIST_KEY_UIApplicationSceneManifest_Generation = YES;
				INFOPLIST_KEY_UIApplicationSupportsIndirectInputEvents = YES;
				INFOPLIST_KEY_UILaunchScreen_Generation = YES;
				INFOPLIST_KEY_UISupportedInterfaceOrientations_iPad = "UIInterfaceOrientationPortrait UIInterfaceOrientationPortraitUpsideDown UIInterfaceOrientationLandscapeLeft UIInterfaceOrientationLandscapeRight";
				INFOPLIST_KEY_UISupportedInterfaceOrientations_iPhone = "UIInterfaceOrientationPortrait UIInterfaceOrientationLandscapeLeft UIInterfaceOrientationLandscapeRight";
				LD_RUNPATH_SEARCH_PATHS = (
					"$(inherited)",
					"@executable_path/Frameworks",
				);
				MARKETING_VERSION = 1.0;
				PRODUCT_BUNDLE_IDENTIFIER = me.sankovahanna.WantedSpaceClone;
				PRODUCT_NAME = "$(TARGET_NAME)";
				SWIFT_EMIT_LOC_STRINGS = YES;
				SWIFT_VERSION = 5.0;
				TARGETED_DEVICE_FAMILY = "1,2";
			};
			name = Release;
		};
/* End XCBuildConfiguration section */

/* Begin XCConfigurationList section */
		66DCE40129CF6A8E00A4C2DF /* Build configuration list for PBXProject "WantedSpaceClone" */ = {
			isa = XCConfigurationList;
			buildConfigurations = (
				66DCE41229CF6A9000A4C2DF /* Debug */,
				66DCE41329CF6A9000A4C2DF /* Release */,
			);
			defaultConfigurationIsVisible = 0;
			defaultConfigurationName = Release;
		};
		66DCE41429CF6A9000A4C2DF /* Build configuration list for PBXNativeTarget "WantedSpaceClone" */ = {
			isa = XCConfigurationList;
			buildConfigurations = (
				66DCE41529CF6A9000A4C2DF /* Debug */,
				66DCE41629CF6A9000A4C2DF /* Release */,
			);
			defaultConfigurationIsVisible = 0;
			defaultConfigurationName = Release;
		};
/* End XCConfigurationList section */
	};
	rootObject = 66DCE3FE29CF6A8E00A4C2DF /* Project object */;
}
